{
  "nodes": {
    "caelestia-cli": {
      "inputs": {
        "caelestia-shell": [
          "caelestiaShell"
        ],
        "nixpkgs": [
          "caelestiaShell",
          "nixpkgs"
        ]
      },
      "locked": {
        "lastModified": 1764381410,
        "narHash": "sha256-WR/oQQjveFqQxo8oHngZuOVgBQINDgPe+lCXLeNhAAg=",
        "owner": "caelestia-dots",
        "repo": "cli",
        "rev": "ed12d4cb82600872a82feb577711be1148c7af35",
        "type": "github"
      },
      "original": {
        "owner": "caelestia-dots",
        "repo": "cli",
        "type": "github"
      }
    },
    "caelestia-shell": {
      "inputs": {
        "caelestia-cli": [
          "caelestiaCli"
        ],
        "nixpkgs": [
          "caelestiaCli",
          "nixpkgs"
        ],
        "quickshell": "quickshell"
      },
      "locked": {
        "lastModified": 1764655592,
        "narHash": "sha256-xaKTcjcmUqkJVb0DQv5UKib/tSFeyBTOuaWxyIlzSTw=",
        "owner": "caelestia-dots",
        "repo": "shell",
        "rev": "16229e4219ef6a0951e4c9a3bff9bfe3fd54f16f",
        "type": "github"
      },
      "original": {
        "owner": "caelestia-dots",
        "repo": "shell",
        "type": "github"
      }
    },
    "caelestiaCli": {
      "inputs": {
        "caelestia-shell": "caelestia-shell",
        "nixpkgs": [
          "nixpkgs"
        ]
      },
      "locked": {
        "lastModified": 1764813773,
        "narHash": "sha256-vpgjBAER+aoMjq6z9xuv/jvniXkRRgP/xfZMP2LbNlk=",
        "owner": "caelestia-dots",
        "repo": "cli",
        "rev": "1eead8615108e1977ac09ed428e1329adbb80f00",
        "type": "github"
      },
      "original": {
        "owner": "caelestia-dots",
        "repo": "cli",
        "type": "github"
      }
    },
    "caelestiaShell": {
      "inputs": {
        "caelestia-cli": "caelestia-cli",
        "nixpkgs": [
          "nixpkgs"
        ],
        "quickshell": "quickshell_2"
      },
      "locked": {
        "lastModified": 1764655592,
        "narHash": "sha256-xaKTcjcmUqkJVb0DQv5UKib/tSFeyBTOuaWxyIlzSTw=",
        "owner": "caelestia-dots",
        "repo": "shell",
        "rev": "16229e4219ef6a0951e4c9a3bff9bfe3fd54f16f",
        "type": "github"
      },
      "original": {
        "owner": "caelestia-dots",
        "repo": "shell",
        "type": "github"
      }
    },
    "home-manager": {
      "inputs": {
        "nixpkgs": [
          "nixpkgs"
        ]
      },
      "locked": {
        "lastModified": 1764891212,
        "narHash": "sha256-74ZPvCEmT5JatN227aSBOnORAtW3RWcMjjAkeiHp8UE=",
        "owner": "nix-community",
        "repo": "home-manager",
        "rev": "df7bac2b2bdbaae8f9100be4e4cd21c7155611e9",
        "type": "github"
      },
      "original": {
        "owner": "nix-community",
        "repo": "home-manager",
        "type": "github"
      }
    },
    "nixpkgs": {
      "locked": {
        "lastModified": 1764667669,
        "narHash": "sha256-7WUCZfmqLAssbDqwg9cUDAXrSoXN79eEEq17qhTNM/Y=",
        "owner": "NixOS",
        "repo": "nixpkgs",
        "rev": "418468ac9527e799809c900eda37cbff999199b6",
        "type": "github"
      },
      "original": {
        "owner": "NixOS",
        "ref": "nixos-unstable",
        "repo": "nixpkgs",
        "type": "github"
      }
    },
    "quickshell": {
      "inputs": {
        "nixpkgs": [
          "caelestiaCli",
          "caelestia-shell",
          "nixpkgs"
        ]
      },
      "locked": {
        "lastModified": 1764045583,
        "narHash": "sha256-W24ReyRrhOKTKIsuAMkY5hnVlCufGoONM79sjUoyQkk=",
        "ref": "refs/heads/master",
        "rev": "e9bad67619ee9937a1bbecfc6ad3b4231d2ecdc3",
        "revCount": 709,
        "type": "git",
        "url": "https://git.outfoxxed.me/outfoxxed/quickshell"
      },
      "original": {
        "type": "git",
        "url": "https://git.outfoxxed.me/outfoxxed/quickshell"
      }
    },
    "quickshell_2": {
      "inputs": {
        "nixpkgs": [
          "caelestiaShell",
          "nixpkgs"
        ]
      },
      "locked": {
        "lastModified": 1764045583,
        "narHash": "sha256-W24ReyRrhOKTKIsuAMkY5hnVlCufGoONM79sjUoyQkk=",
        "ref": "refs/heads/master",
        "rev": "e9bad67619ee9937a1bbecfc6ad3b4231d2ecdc3",
        "revCount": 709,
        "type": "git",
        "url": "https://git.outfoxxed.me/outfoxxed/quickshell"
      },
      "original": {
        "type": "git",
        "url": "https://git.outfoxxed.me/outfoxxed/quickshell"
      }
    },
    "root": {
      "inputs": {
        "caelestiaCli": "caelestiaCli",
        "caelestiaShell": "caelestiaShell",
        "home-manager": "home-manager",
        "nixpkgs": "nixpkgs"
      }
    }
  },
  "root": "root",
  "version": 7
}
